
Microsoft Visual Studio Solution File, Format Version 12.00
# Visual Studio 15
Project("{FAE04EC0-301F-11D3-BF4B-00C04F79EFBC}") = "Unity.ProBuilder.Examples", "Unity.ProBuilder.Examples.csproj", "{316AF447-3D7D-4684-D113-9F3ADF3057DE}"
EndProject
Project("{FAE04EC0-301F-11D3-BF4B-00C04F79EFBC}") = "Assembly-CSharp", "Assembly-CSharp.csproj", "{D25BC2FB-E3D2-65A7-8D2C-AE70E875E5CB}"
EndProject
Project("{FAE04EC0-301F-11D3-BF4B-00C04F79EFBC}") = "AV.Hierarchy", "AV.Hierarchy.csproj", "{077D6789-534E-1671-6532-4E503E3CBD18}"
EndProject
Project("{FAE04EC0-301F-11D3-BF4B-00C04F79EFBC}") = "Assembly-CSharp-firstpass", "Assembly-CSharp-firstpass.csproj", "{C4D047F4-1BA7-5C83-5519-5FED84DA0A5C}"
EndProject
Project("{FAE04EC0-301F-11D3-BF4B-00C04F79EFBC}") = "IngameDebugConsole.Runtime", "IngameDebugConsole.Runtime.csproj", "{3261A294-75CC-B7EA-37C9-258DD3297AE5}"
EndProject
Project("{FAE04EC0-301F-11D3-BF4B-00C04F79EFBC}") = "Sirenix.OdinInspector.CompatibilityLayer", "Sirenix.OdinInspector.CompatibilityLayer.csproj", "{F9B90923-3801-8BD9-06BB-E28543EFD25A}"
EndProject
Project("{FAE04EC0-301F-11D3-BF4B-00C04F79EFBC}") = "Unity.ProBuilder.Examples.Editor", "Unity.ProBuilder.Examples.Editor.csproj", "{B7DEFE6B-D6DF-D302-AE41-68D72F62EB2A}"
EndProject
Project("{FAE04EC0-301F-11D3-BF4B-00C04F79EFBC}") = "Assembly-CSharp-Editor", "Assembly-CSharp-Editor.csproj", "{BC3D04BB-15F8-5753-3144-4DD231674465}"
EndProject
Project("{FAE04EC0-301F-11D3-BF4B-00C04F79EFBC}") = "Assembly-CSharp-Editor-firstpass", "Assembly-CSharp-Editor-firstpass.csproj", "{D58492C0-6F18-6C2B-2DAC-3659AB4A7C70}"
EndProject
Project("{FAE04EC0-301F-11D3-BF4B-00C04F79EFBC}") = "Sirenix.OdinInspector.CompatibilityLayer.Editor", "Sirenix.OdinInspector.CompatibilityLayer.Editor.csproj", "{D14ACD73-037E-28B5-E579-BA621063E2CC}"
EndProject
Project("{FAE04EC0-301F-11D3-BF4B-00C04F79EFBC}") = "IngameDebugConsole.Editor", "IngameDebugConsole.Editor.csproj", "{686FE112-4129-BE2C-9027-323BB7559FD1}"
EndProject
Global
	GlobalSection(SolutionConfigurationPlatforms) = preSolution
		Debug|Any CPU = Debug|Any CPU
		Release|Any CPU = Release|Any CPU
	EndGlobalSection
	GlobalSection(ProjectConfigurationPlatforms) = postSolution
		{316AF447-3D7D-4684-D113-9F3ADF3057DE}.Debug|Any CPU.ActiveCfg = Debug|Any CPU
		{316AF447-3D7D-4684-D113-9F3ADF3057DE}.Debug|Any CPU.Build.0 = Debug|Any CPU
		{316AF447-3D7D-4684-D113-9F3ADF3057DE}.Release|Any CPU.ActiveCfg = Release|Any CPU
		{316AF447-3D7D-4684-D113-9F3ADF3057DE}.Release|Any CPU.Build.0 = Release|Any CPU
		{D25BC2FB-E3D2-65A7-8D2C-AE70E875E5CB}.Debug|Any CPU.ActiveCfg = Debug|Any CPU
		{D25BC2FB-E3D2-65A7-8D2C-AE70E875E5CB}.Debug|Any CPU.Build.0 = Debug|Any CPU
		{D25BC2FB-E3D2-65A7-8D2C-AE70E875E5CB}.Release|Any CPU.ActiveCfg = Release|Any CPU
		{D25BC2FB-E3D2-65A7-8D2C-AE70E875E5CB}.Release|Any CPU.Build.0 = Release|Any CPU
		{077D6789-534E-1671-6532-4E503E3CBD18}.Debug|Any CPU.ActiveCfg = Debug|Any CPU
		{077D6789-534E-1671-6532-4E503E3CBD18}.Debug|Any CPU.Build.0 = Debug|Any CPU
		{077D6789-534E-1671-6532-4E503E3CBD18}.Release|Any CPU.ActiveCfg = Release|Any CPU
		{077D6789-534E-1671-6532-4E503E3CBD18}.Release|Any CPU.Build.0 = Release|Any CPU
		{C4D047F4-1BA7-5C83-5519-5FED84DA0A5C}.Debug|Any CPU.ActiveCfg = Debug|Any CPU
		{C4D047F4-1BA7-5C83-5519-5FED84DA0A5C}.Debug|Any CPU.Build.0 = Debug|Any CPU
		{C4D047F4-1BA7-5C83-5519-5FED84DA0A5C}.Release|Any CPU.ActiveCfg = Release|Any CPU
		{C4D047F4-1BA7-5C83-5519-5FED84DA0A5C}.Release|Any CPU.Build.0 = Release|Any CPU
		{3261A294-75CC-B7EA-37C9-258DD3297AE5}.Debug|Any CPU.ActiveCfg = Debug|Any CPU
		{3261A294-75CC-B7EA-37C9-258DD3297AE5}.Debug|Any CPU.Build.0 = Debug|Any CPU
		{3261A294-75CC-B7EA-37C9-258DD3297AE5}.Release|Any CPU.ActiveCfg = Release|Any CPU
		{3261A294-75CC-B7EA-37C9-258DD3297AE5}.Release|Any CPU.Build.0 = Release|Any CPU
		{F9B90923-3801-8BD9-06BB-E28543EFD25A}.Debug|Any CPU.ActiveCfg = Debug|Any CPU
		{F9B90923-3801-8BD9-06BB-E28543EFD25A}.Debug|Any CPU.Build.0 = Debug|Any CPU
		{F9B90923-3801-8BD9-06BB-E28543EFD25A}.Release|Any CPU.ActiveCfg = Release|Any CPU
		{F9B90923-3801-8BD9-06BB-E28543EFD25A}.Release|Any CPU.Build.0 = Release|Any CPU
		{B7DEFE6B-D6DF-D302-AE41-68D72F62EB2A}.Debug|Any CPU.ActiveCfg = Debug|Any CPU
		{B7DEFE6B-D6DF-D302-AE41-68D72F62EB2A}.Debug|Any CPU.Build.0 = Debug|Any CPU
		{B7DEFE6B-D6DF-D302-AE41-68D72F62EB2A}.Release|Any CPU.ActiveCfg = Release|Any CPU
		{B7DEFE6B-D6DF-D302-AE41-68D72F62EB2A}.Release|Any CPU.Build.0 = Release|Any CPU
		{BC3D04BB-15F8-5753-3144-4DD231674465}.Debug|Any CPU.ActiveCfg = Debug|Any CPU
		{BC3D04BB-15F8-5753-3144-4DD231674465}.Debug|Any CPU.Build.0 = Debug|Any CPU
		{BC3D04BB-15F8-5753-3144-4DD231674465}.Release|Any CPU.ActiveCfg = Release|Any CPU
		{BC3D04BB-15F8-5753-3144-4DD231674465}.Release|Any CPU.Build.0 = Release|Any CPU
		{D58492C0-6F18-6C2B-2DAC-3659AB4A7C70}.Debug|Any CPU.ActiveCfg = Debug|Any CPU
		{D58492C0-6F18-6C2B-2DAC-3659AB4A7C70}.Debug|Any CPU.Build.0 = Debug|Any CPU
		{D58492C0-6F18-6C2B-2DAC-3659AB4A7C70}.Release|Any CPU.ActiveCfg = Release|Any CPU
		{D58492C0-6F18-6C2B-2DAC-3659AB4A7C70}.Release|Any CPU.Build.0 = Release|Any CPU
		{D14ACD73-037E-28B5-E579-BA621063E2CC}.Debug|Any CPU.ActiveCfg = Debug|Any CPU
		{D14ACD73-037E-28B5-E579-BA621063E2CC}.Debug|Any CPU.Build.0 = Debug|Any CPU
		{D14ACD73-037E-28B5-E579-BA621063E2CC}.Release|Any CPU.ActiveCfg = Release|Any CPU
		{D14ACD73-037E-28B5-E579-BA621063E2CC}.Release|Any CPU.Build.0 = Release|Any CPU
		{686FE112-4129-BE2C-9027-323BB7559FD1}.Debug|Any CPU.ActiveCfg = Debug|Any CPU
		{686FE112-4129-BE2C-9027-323BB7559FD1}.Debug|Any CPU.Build.0 = Debug|Any CPU
		{686FE112-4129-BE2C-9027-323BB7559FD1}.Release|Any CPU.ActiveCfg = Release|Any CPU
		{686FE112-4129-BE2C-9027-323BB7559FD1}.Release|Any CPU.Build.0 = Release|Any CPU
	EndGlobalSection
	GlobalSection(SolutionProperties) = preSolution
		HideSolutionNode = FALSE
	EndGlobalSection
EndGlobal
